PODS:
  - FMDB (2.6.2):
    - FMDB/standard (= 2.6.2)
  - FMDB/standard (2.6.2)
  - MJExtension (3.0.13)

DEPENDENCIES:
  - FMDB
  - MJExtension (= 3.0.13)

SPEC CHECKSUMS:
  FMDB: 854a0341b4726e53276f2a8996f06f1b80f9259a
  MJExtension: 5932755f451458eefa24239358817f8d291240c7

PODFILE CHECKSUM: 997dd01f9f11e91fda7e9178710713328d091699

COCOAPODS: 1.2.0
